{
  "name": "opencode-anthropic-auth",
  "version": "0.0.9",
  "lockfileVersion": 3,
  "requires": true,
  "packages": {
    "": {
      "name": "opencode-anthropic-auth",
      "version": "0.0.9",
      "dependencies": {
        "@openauthjs/openauth": "^0.4.3"
      },
      "devDependencies": {
        "@opencode-ai/plugin": "^0.4.45"
      }
    },
    "node_modules/@openauthjs/openauth": {
      "version": "0.4.3",
      "dependencies": {
        "@standard-schema/spec": "1.0.0-beta.3",
        "aws4fetch": "1.0.20",
        "jose": "5.9.6"
      },
      "peerDependencies": {
        "arctic": "^2.2.2",
        "hono": "^4.0.0"
      }
    },
    "node_modules/@opencode-ai/plugin": {
      "version": "0.4.45",
      "dev": true,
      "dependencies": {
        "@opencode-ai/sdk": "0.4.19"
      }
    },
    "node_modules/@opencode-ai/sdk": {
      "version": "0.4.19",
      "dev": true
    },
    "node_modules/@oslojs/asn1": {
      "version": "1.0.0",
      "license": "MIT",
      "peer": true,
      "dependencies": {
        "@oslojs/binary": "1.0.0"
      }
    },
    "node_modules/@oslojs/binary": {
      "version": "1.0.0",
      "license": "MIT",
      "peer": true
    },
    "node_modules/@oslojs/crypto": {
      "version": "1.0.1",
      "license": "MIT",
      "peer": true,
      "dependencies": {
        "@oslojs/asn1": "1.0.0",
        "@oslojs/binary": "1.0.0"
      }
    },
    "node_modules/@oslojs/encoding": {
      "version": "1.1.0",
      "license": "MIT",
      "peer": true
    },
    "node_modules/@oslojs/jwt": {
      "version": "0.2.0",
      "license": "MIT",
      "peer": true,
      "dependencies": {
        "@oslojs/encoding": "0.4.1"
      }
    },
    "node_modules/@oslojs/jwt/node_modules/@oslojs/encoding": {
      "version": "0.4.1",
      "license": "MIT",
      "peer": true
    },
    "node_modules/@standard-schema/spec": {
      "version": "1.0.0-beta.3",
      "license": "MIT"
    },
    "node_modules/arctic": {
      "version": "2.3.4",
      "license": "MIT",
      "peer": true,
      "dependencies": {
        "@oslojs/crypto": "1.0.1",
        "@oslojs/encoding": "1.1.0",
        "@oslojs/jwt": "0.2.0"
      }
    },
    "node_modules/aws4fetch": {
      "version": "1.0.20",
      "license": "MIT"
    },
    "node_modules/hono": {
      "version": "4.9.1",
      "license": "MIT",
      "peer": true,
      "engines": {
        "node": ">=16.9.0"
      }
    },
    "node_modules/jose": {
      "version": "5.9.6",
      "license": "MIT",
      "funding": {
        "url": "https://github.com/sponsors/panva"
      }
    }
  }
}
